// !$*UTF8*$!
{
	archiveVersion = 1;
	classes = {
	};
	objectVersion = 46;
	objects = {

/* Begin PBXBuildFile section */
		8E57CF8F1A122AE6006099EC /* AppDelegate.swift in Sources */ = {isa = PBXBuildFile; fileRef = 8E57CF8E1A122AE6006099EC /* AppDelegate.swift */; };
		8E57CF911A122AE6006099EC /* ViewController.swift in Sources */ = {isa = PBXBuildFile; fileRef = 8E57CF901A122AE6006099EC /* ViewController.swift */; };
		8E57CF941A122AE6006099EC /* Main.storyboard in Resources */ = {isa = PBXBuildFile; fileRef = 8E57CF921A122AE6006099EC /* Main.storyboard */; };
		8E57CF961A122AE6006099EC /* Images.xcassets in Resources */ = {isa = PBXBuildFile; fileRef = 8E57CF951A122AE6006099EC /* Images.xcassets */; };
		8E57CF991A122AE6006099EC /* LaunchScreen.xib in Resources */ = {isa = PBXBuildFile; fileRef = 8E57CF971A122AE6006099EC /* LaunchScreen.xib */; };
		8E57CFA51A122AE6006099EC /* ParseCollectionsSwiftBugTests.swift in Sources */ = {isa = PBXBuildFile; fileRef = 8E57CFA41A122AE6006099EC /* ParseCollectionsSwiftBugTests.swift */; };
/* End PBXBuildFile section */

/* Begin PBXContainerItemProxy section */
		8E57CF9F1A122AE6006099EC /* PBXContainerItemProxy */ = {
			isa = PBXContainerItemProxy;
			containerPortal = 8E57CF811A122AE6006099EC /* Project object */;
			proxyType = 1;
			remoteGlobalIDString = 8E57CF881A122AE6006099EC;
			remoteInfo = ParseCollectionsSwiftBug;
		};
/* End PBXContainerItemProxy section */

/* Begin PBXFileReference section */
		8E57CF891A122AE6006099EC /* ParseCollectionsSwiftBug.app */ = {isa = PBXFileReference; explicitFileType = wrapper.application; includeInIndex = 0; path = ParseCollectionsSwiftBug.app; sourceTree = BUILT_PRODUCTS_DIR; };
		8E57CF8D1A122AE6006099EC /* Info.plist */ = {isa = PBXFileReference; lastKnownFileType = text.plist.xml; path = Info.plist; sourceTree = "<group>"; };
		8E57CF8E1A122AE6006099EC /* AppDelegate.swift */ = {isa = PBXFileReference; lastKnownFileType = sourcecode.swift; path = AppDelegate.swift; sourceTree = "<group>"; };
		8E57CF901A122AE6006099EC /* ViewController.swift */ = {isa = PBXFileReference; lastKnownFileType = sourcecode.swift; path = ViewController.swift; sourceTree = "<group>"; };
		8E57CF931A122AE6006099EC /* Base */ = {isa = PBXFileReference; lastKnownFileType = file.storyboard; name = Base; path = Base.lproj/Main.storyboard; sourceTree = "<group>"; };
		8E57CF951A122AE6006099EC /* Images.xcassets */ = {isa = PBXFileReference; lastKnownFileType = folder.assetcatalog; path = Images.xcassets; sourceTree = "<group>"; };
		8E57CF981A122AE6006099EC /* Base */ = {isa = PBXFileReference; lastKnownFileType = file.xib; name = Base; path = Base.lproj/LaunchScreen.xib; sourceTree = "<group>"; };
		8E57CF9E1A122AE6006099EC /* ParseCollectionsSwiftBugTests.xctest */ = {isa = PBXFileReference; explicitFileType = wrapper.cfbundle; includeInIndex = 0; path = ParseCollectionsSwiftBugTests.xctest; sourceTree = BUILT_PRODUCTS_DIR; };
		8E57CFA31A122AE6006099EC /* Info.plist */ = {isa = PBXFileReference; lastKnownFileType = text.plist.xml; path = Info.plist; sourceTree = "<group>"; };
		8E57CFA41A122AE6006099EC /* ParseCollectionsSwiftBugTests.swift */ = {isa = PBXFileReference; lastKnownFileType = sourcecode.swift; path = ParseCollectionsSwiftBugTests.swift; sourceTree = "<group>"; };
/* End PBXFileReference section */

/* Begin PBXFrameworksBuildPhase section */
		8E57CF861A122AE6006099EC /* Frameworks */ = {
			isa = PBXFrameworksBuildPhase;
			buildActionMask = 2147483647;
			files = (
			);
			runOnlyForDeploymentPostprocessing = 0;
		};
		8E57CF9B1A122AE6006099EC /* Frameworks */ = {
			isa = PBXFrameworksBuildPhase;
			buildActionMask = 2147483647;
			files = (
			);
			runOnlyForDeploymentPostprocessing = 0;
		};
/* End PBXFrameworksBuildPhase section */

/* Begin PBXGroup section */
		8E57CF801A122AE6006099EC = {
			isa = PBXGroup;
			children = (
				8E57CF8B1A122AE6006099EC /* ParseCollectionsSwiftBug */,
				8E57CFA11A122AE6006099EC /* ParseCollectionsSwiftBugTests */,
				8E57CF8A1A122AE6006099EC /* Products */,
			);
			sourceTree = "<group>";
		};
		8E57CF8A1A122AE6006099EC /* Products */ = {
			isa = PBXGroup;
			children = (
				8E57CF891A122AE6006099EC /* ParseCollectionsSwiftBug.app */,
				8E57CF9E1A122AE6006099EC /* ParseCollectionsSwiftBugTests.xctest */,
			);
			name = Products;
			sourceTree = "<group>";
		};
		8E57CF8B1A122AE6006099EC /* ParseCollectionsSwiftBug */ = {
			isa = PBXGroup;
			children = (
				8E57CF8E1A122AE6006099EC /* AppDelegate.swift */,
				8E57CF901A122AE6006099EC /* ViewController.swift */,
				8E57CF921A122AE6006099EC /* Main.storyboard */,
				8E57CF951A122AE6006099EC /* Images.xcassets */,
				8E57CF971A122AE6006099EC /* LaunchScreen.xib */,
				8E57CF8C1A122AE6006099EC /* Supporting Files */,
			);
			path = ParseCollectionsSwiftBug;
			sourceTree = "<group>";
		};
		8E57CF8C1A122AE6006099EC /* Supporting Files */ = {
			isa = PBXGroup;
			children = (
				8E57CF8D1A122AE6006099EC /* Info.plist */,
			);
			name = "Supporting Files";
			sourceTree = "<group>";
		};
		8E57CFA11A122AE6006099EC /* ParseCollectionsSwiftBugTests */ = {
			isa = PBXGroup;
			children = (
				8E57CFA41A122AE6006099EC /* ParseCollectionsSwiftBugTests.swift */,
				8E57CFA21A122AE6006099EC /* Supporting Files */,
			);
			path = ParseCollectionsSwiftBugTests;
			sourceTree = "<group>";
		};
		8E57CFA21A122AE6006099EC /* Supporting Files */ = {
			isa = PBXGroup;
			children = (
				8E57CFA31A122AE6006099EC /* Info.plist */,
			);
			name = "Supporting Files";
			sourceTree = "<group>";
		};
/* End PBXGroup section */

/* Begin PBXNativeTarget section */
		8E57CF881A122AE6006099EC /* ParseCollectionsSwiftBug */ = {
			isa = PBXNativeTarget;
			buildConfigurationList = 8E57CFA81A122AE6006099EC /* Build configuration list for PBXNativeTarget "ParseCollectionsSwiftBug" */;
			buildPhases = (
				8E57CF851A122AE6006099EC /* Sources */,
				8E57CF861A122AE6006099EC /* Frameworks */,
				8E57CF871A122AE6006099EC /* Resources */,
			);
			buildRules = (
			);
			dependencies = (
			);
			name = ParseCollectionsSwiftBug;
			productName = ParseCollectionsSwiftBug;
			productReference = 8E57CF891A122AE6006099EC /* ParseCollectionsSwiftBug.app */;
			productType = "com.apple.product-type.application";
		};
		8E57CF9D1A122AE6006099EC /* ParseCollectionsSwiftBugTests */ = {
			isa = PBXNativeTarget;
			buildConfigurationList = 8E57CFAB1A122AE6006099EC /* Build configuration list for PBXNativeTarget "ParseCollectionsSwiftBugTests" */;
			buildPhases = (
				8E57CF9A1A122AE6006099EC /* Sources */,
				8E57CF9B1A122AE6006099EC /* Frameworks */,
				8E57CF9C1A122AE6006099EC /* Resources */,
			);
			buildRules = (
			);
			dependencies = (
				8E57CFA01A122AE6006099EC /* PBXTargetDependency */,
			);
			name = ParseCollectionsSwiftBugTests;
			productName = ParseCollectionsSwiftBugTests;
			productReference = 8E57CF9E1A122AE6006099EC /* ParseCollectionsSwiftBugTests.xctest */;
			productType = "com.apple.product-type.bundle.unit-test";
		};
/* End PBXNativeTarget section */

/* Begin PBXProject section */
		8E57CF811A122AE6006099EC /* Project object */ = {
			isa = PBXProject;
			attributes = {
				LastUpgradeCheck = 0610;
				ORGANIZATIONNAME = Sigmapoint;
				TargetAttributes = {
					8E57CF881A122AE6006099EC = {
						CreatedOnToolsVersion = 6.1;
					};
					8E57CF9D1A122AE6006099EC = {
						CreatedOnToolsVersion = 6.1;
						TestTargetID = 8E57CF881A122AE6006099EC;
					};
				};
			};
			buildConfigurationList = 8E57CF841A122AE6006099EC /* Build configuration list for PBXProject "ParseCollectionsSwiftBug" */;
			compatibilityVersion = "Xcode 3.2";
			developmentRegion = English;
			hasScannedForEncodings = 0;
			knownRegions = (
				en,
				Base,
			);
			mainGroup = 8E57CF801A122AE6006099EC;
			productRefGroup = 8E57CF8A1A122AE6006099EC /* Products */;
			projectDirPath = "";
			projectRoot = "";
			targets = (
				8E57CF881A122AE6006099EC /* ParseCollectionsSwiftBug */,
				8E57CF9D1A122AE6006099EC /* ParseCollectionsSwiftBugTests */,
			);
		};
/* End PBXProject section */

/* Begin PBXResourcesBuildPhase section */
		8E57CF871A122AE6006099EC /* Resources */ = {
			isa = PBXResourcesBuildPhase;
			buildActionMask = 2147483647;
			files = (
				8E57CF941A122AE6006099EC /* Main.storyboard in Resources */,
				8E57CF991A122AE6006099EC /* LaunchScreen.xib in Resources */,
				8E57CF961A122AE6006099EC /* Images.xcassets in Resources */,
			);
			runOnlyForDeploymentPostprocessing = 0;
		};
		8E57CF9C1A122AE6006099EC /* Resources */ = {
			isa = PBXResourcesBuildPhase;
			buildActionMask = 2147483647;
			files = (
			);
			runOnlyForDeploymentPostprocessing = 0;
		};
/* End PBXResourcesBuildPhase section */

/* Begin PBXSourcesBuildPhase section */
		8E57CF851A122AE6006099EC /* Sources */ = {
			isa = PBXSourcesBuildPhase;
			buildActionMask = 2147483647;
			files = (
				8E57CF911A122AE6006099EC /* ViewController.swift in Sources */,
				8E57CF8F1A122AE6006099EC /* AppDelegate.swift in Sources */,
			);
			runOnlyForDeploymentPostprocessing = 0;
		};
		8E57CF9A1A122AE6006099EC /* Sources */ = {
			isa = PBXSourcesBuildPhase;
			buildActionMask = 2147483647;
			files = (
				8E57CFA51A122AE6006099EC /* ParseCollectionsSwiftBugTests.swift in Sources */,
			);
			runOnlyForDeploymentPostprocessing = 0;
		};
/* End PBXSourcesBuildPhase section */

/* Begin PBXTargetDependency section */
		8E57CFA01A122AE6006099EC /* PBXTargetDependency */ = {
			isa = PBXTargetDependency;
			target = 8E57CF881A122AE6006099EC /* ParseCollectionsSwiftBug */;
			targetProxy = 8E57CF9F1A122AE6006099EC /* PBXContainerItemProxy */;
		};
/* End PBXTargetDependency section */

/* Begin PBXVariantGroup section */
		8E57CF921A122AE6006099EC /* Main.storyboard */ = {
			isa = PBXVariantGroup;
			children = (
				8E57CF931A122AE6006099EC /* Base */,
			);
			name = Main.storyboard;
			sourceTree = "<group>";
		};
		8E57CF971A122AE6006099EC /* LaunchScreen.xib */ = {
			isa = PBXVariantGroup;
			children = (
				8E57CF981A122AE6006099EC /* Base */,
			);
			name = LaunchScreen.xib;
			sourceTree = "<group>";
		};
/* End PBXVariantGroup section */

/* Begin XCBuildConfiguration section */
		8E57CFA61A122AE6006099EC /* Debug */ = {
			isa = XCBuildConfiguration;
			buildSettings = {
				ALWAYS_SEARCH_USER_PATHS = NO;
				CLANG_CXX_LANGUAGE_STANDARD = "gnu++0x";
				CLANG_CXX_LIBRARY = "libc++";
				CLANG_ENABLE_MODULES = YES;
				CLANG_ENABLE_OBJC_ARC = YES;
				CLANG_WARN_BOOL_CONVERSION = YES;
				CLANG_WARN_CONSTANT_CONVERSION = YES;
				CLANG_WARN_DIRECT_OBJC_ISA_USAGE = YES_ERROR;
				CLANG_WARN_EMPTY_BODY = YES;
				CLANG_WARN_ENUM_CONVERSION = YES;
				CLANG_WARN_INT_CONVERSION = YES;
				CLANG_WARN_OBJC_ROOT_CLASS = YES_ERROR;
				CLANG_WARN_UNREACHABLE_CODE = YES;
				CLANG_WARN__DUPLICATE_METHOD_MATCH = YES;
				"CODE_SIGN_IDENTITY[sdk=iphoneos*]" = "iPhone Developer";
				COPY_PHASE_STRIP = NO;
				ENABLE_STRICT_OBJC_MSGSEND = YES;
				GCC_C_LANGUAGE_STANDARD = gnu99;
				GCC_DYNAMIC_NO_PIC = NO;
				GCC_OPTIMIZATION_LEVEL = 0;
				GCC_PREPROCESSOR_DEFINITIONS = (
					"DEBUG=1",
					"$(inherited)",
				);
				GCC_SYMBOLS_PRIVATE_EXTERN = NO;
				GCC_WARN_64_TO_32_BIT_CONVERSION = YES;
				GCC_WARN_ABOUT_RETURN_TYPE = YES_ERROR;
				GCC_WARN_UNDECLARED_SELECTOR = YES;
				GCC_WARN_UNINITIALIZED_AUTOS = YES_AGGRESSIVE;
				GCC_WARN_UNUSED_FUNCTION = YES;
				GCC_WARN_UNUSED_VARIABLE = YES;
				IPHONEOS_DEPLOYMENT_TARGET = 8.1;
				MTL_ENABLE_DEBUG_INFO = YES;
				ONLY_ACTIVE_ARCH = YES;
				SDKROOT = iphoneos;
				SWIFT_OPTIMIZATION_LEVEL = "-Onone";
				TARGETED_DEVICE_FAMILY = "1,2";
			};
			name = Debug;
		};
		8E57CFA71A122AE6006099EC /* Release */ = {
			isa = XCBuildConfiguration;
			buildSettings = {
				ALWAYS_SEARCH_USER_PATHS = NO;
				CLANG_CXX_LANGUAGE_STANDARD = "gnu++0x";
				CLANG_CXX_LIBRARY = "libc++";
				CLANG_ENABLE_MODULES = YES;
				CLANG_ENABLE_OBJC_ARC = YES;
				CLANG_WARN_BOOL_CONVERSION = YES;
				CLANG_WARN_CONSTANT_CONVERSION = YES;
				CLANG_WARN_DIRECT_OBJC_ISA_USAGE = YES_ERROR;
				CLANG_WARN_EMPTY_BODY = YES;
				CLANG_WARN_ENUM_CONVERSION = YES;
				CLANG_WARN_INT_CONVERSION = YES;
				CLANG_WARN_OBJC_ROOT_CLASS = YES_ERROR;
				CLANG_WARN_UNREACHABLE_CODE = YES;
				CLANG_WARN__DUPLICATE_METHOD_MATCH = YES;
				"CODE_SIGN_IDENTITY[sdk=iphoneos*]" = "iPhone Developer";
				COPY_PHASE_STRIP = YES;
				ENABLE_NS_ASSERTIONS = NO;
				ENABLE_STRICT_OBJC_MSGSEND = YES;
				GCC_C_LANGUAGE_STANDARD = gnu99;
				GCC_WARN_64_TO_32_BIT_CONVERSION = YES;
				GCC_WARN_ABOUT_RETURN_TYPE = YES_ERROR;
				GCC_WARN_UNDECLARED_SELECTOR = YES;
				GCC_WARN_UNINITIALIZED_AUTOS = YES_AGGRESSIVE;
				GCC_WARN_UNUSED_FUNCTION = YES;
				GCC_WARN_UNUSED_VARIABLE = YES;
				IPHONEOS_DEPLOYMENT_TARGET = 8.1;
				MTL_ENABLE_DEBUG_INFO = NO;
				SDKROOT = iphoneos;
				TARGETED_DEVICE_FAMILY = "1,2";
				VALIDATE_PRODUCT = YES;
			};
			name = Release;
		};
		8E57CFA91A122AE6006099EC /* Debug */ = {
			isa = XCBuildConfiguration;
			buildSettings = {
				ASSETCATALOG_COMPILER_APPICON_NAME = AppIcon;
				INFOPLIST_FILE = ParseCollectionsSwiftBug/Info.plist;
				LD_RUNPATH_SEARCH_PATHS = "$(inherited) @executable_path/Frameworks";
				PRODUCT_NAME = "$(TARGET_NAME)";
			};
			name = Debug;
		};
		8E57CFAA1A122AE6006099EC /* Release */ = {
			isa = XCBuildConfiguration;
			buildSettings = {
				ASSETCATALOG_COMPILER_APPICON_NAME = AppIcon;
				INFOPLIST_FILE = ParseCollectionsSwiftBug/Info.plist;
				LD_RUNPATH_SEARCH_PATHS = "$(inherited) @executable_path/Frameworks";
				PRODUCT_NAME = "$(TARGET_NAME)";
			};
			name = Release;
		};
		8E57CFAC1A122AE6006099EC /* Debug */ = {
			isa = XCBuildConfiguration;
			buildSettings = {
				BUNDLE_LOADER = "$(TEST_HOST)";
				FRAMEWORK_SEARCH_PATHS = (
					"$(SDKROOT)/Developer/Library/Frameworks",
					"$(inherited)",
				);
				GCC_PREPROCESSOR_DEFINITIONS = (
					"DEBUG=1",
					"$(inherited)",
				);
				INFOPLIST_FILE = ParseCollectionsSwiftBugTests/Info.plist;
				LD_RUNPATH_SEARCH_PATHS = "$(inherited) @executable_path/Frameworks @loader_path/Frameworks";
				PRODUCT_NAME = "$(TARGET_NAME)";
				TEST_HOST = "$(BUILT_PRODUCTS_DIR)/ParseCollectionsSwiftBug.app/ParseCollectionsSwiftBug";
			};
			name = Debug;
		};
		8E57CFAD1A122AE6006099EC /* Release */ = {
			isa = XCBuildConfiguration;
			buildSettings = {
				BUNDLE_LOADER = "$(TEST_HOST)";
				FRAMEWORK_SEARCH_PATHS = (
					"$(SDKROOT)/Developer/Library/Frameworks",
					"$(inherited)",
				);
				INFOPLIST_FILE = ParseCollectionsSwiftBugTests/Info.plist;
				LD_RUNPATH_SEARCH_PATHS = "$(inherited) @executable_path/Frameworks @loader_path/Frameworks";
				PRODUCT_NAME = "$(TARGET_NAME)";
				TEST_HOST = "$(BUILT_PRODUCTS_DIR)/ParseCollectionsSwiftBug.app/ParseCollectionsSwiftBug";
			};
			name = Release;
		};
/* End XCBuildConfiguration section */

/* Begin XCConfigurationList section */
		8E57CF841A122AE6006099EC /* Build configuration list for PBXProject "ParseCollectionsSwiftBug" */ = {
			isa = XCConfigurationList;
			buildConfigurations = (
				8E57CFA61A122AE6006099EC /* Debug */,
				8E57CFA71A122AE6006099EC /* Release */,
			);
			defaultConfigurationIsVisible = 0;
			defaultConfigurationName = Release;
		};
		8E57CFA81A122AE6006099EC /* Build configuration list for PBXNativeTarget "ParseCollectionsSwiftBug" */ = {
			isa = XCConfigurationList;
			buildConfigurations = (
				8E57CFA91A122AE6006099EC /* Debug */,
				8E57CFAA1A122AE6006099EC /* Release */,
			);
			defaultConfigurationIsVisible = 0;
		};
		8E57CFAB1A122AE6006099EC /* Build configuration list for PBXNativeTarget "ParseCollectionsSwiftBugTests" */ = {
			isa = XCConfigurationList;
			buildConfigurations = (
				8E57CFAC1A122AE6006099EC /* Debug */,
				8E57CFAD1A122AE6006099EC /* Release */,
			);
			defaultConfigurationIsVisible = 0;
		};
/* End XCConfigurationList section */
	};
	rootObject = 8E57CF811A122AE6006099EC /* Project object */;
}
